
Microsoft Visual Studio Solution File, Format Version 12.00
# Visual Studio Version 17
VisualStudioVersion = 17.6.33801.468
MinimumVisualStudioVersion = 10.0.40219.1
Project("{FAE04EC0-301F-11D3-BF4B-00C04F79EFBC}") = "ChangeWallpaper", "ChangeWallpaper.csproj", "{9F101CD9-5E4F-4BF2-8803-BA85B42208E5}"
EndProject
Global
	GlobalSection(SolutionConfigurationPlatforms) = preSolution
		Debug|Any CPU = Debug|Any CPU
		Release|Any CPU = Release|Any CPU
	EndGlobalSection
	GlobalSection(ProjectConfigurationPlatforms) = postSolution
		{9F101CD9-5E4F-4BF2-8803-BA85B42208E5}.Debug|Any CPU.ActiveCfg = Debug|Any CPU
		{9F101CD9-5E4F-4BF2-8803-BA85B42208E5}.Debug|Any CPU.Build.0 = Debug|Any CPU
		{9F101CD9-5E4F-4BF2-8803-BA85B42208E5}.Release|Any CPU.ActiveCfg = Release|Any CPU
		{9F101CD9-5E4F-4BF2-8803-BA85B42208E5}.Release|Any CPU.Build.0 = Release|Any CPU
	EndGlobalSection
	GlobalSection(SolutionProperties) = preSolution
		HideSolutionNode = FALSE
	EndGlobalSection
	GlobalSection(ExtensibilityGlobals) = postSolution
		SolutionGuid = {04732AB9-6A5A-4ECF-8145-5644864BAC2C}
	EndGlobalSection
EndGlobal
